// !$*UTF8*$!
{
	archiveVersion = 1;
	classes = {
	};
	objectVersion = 50;
	objects = {

/* Begin PBXBuildFile section */
		DF4A3C57242CBE91004057E6 /* AppDelegate.swift in Sources */ = {isa = PBXBuildFile; fileRef = DF4A3C56242CBE91004057E6 /* AppDelegate.swift */; };
		DF4A3C59242CBE91004057E6 /* GameScene.sks in Resources */ = {isa = PBXBuildFile; fileRef = DF4A3C58242CBE91004057E6 /* GameScene.sks */; };
		DF4A3C5D242CBE91004057E6 /* GameScene.swift in Sources */ = {isa = PBXBuildFile; fileRef = DF4A3C5C242CBE91004057E6 /* GameScene.swift */; };
		DF4A3C5F242CBE91004057E6 /* GameViewController.swift in Sources */ = {isa = PBXBuildFile; fileRef = DF4A3C5E242CBE91004057E6 /* GameViewController.swift */; };
		DF4A3C62242CBE91004057E6 /* Main.storyboard in Resources */ = {isa = PBXBuildFile; fileRef = DF4A3C60242CBE91004057E6 /* Main.storyboard */; };
		DF4A3C64242CBE92004057E6 /* Assets.xcassets in Resources */ = {isa = PBXBuildFile; fileRef = DF4A3C63242CBE92004057E6 /* Assets.xcassets */; };
		DF4A3C67242CBE92004057E6 /* LaunchScreen.storyboard in Resources */ = {isa = PBXBuildFile; fileRef = DF4A3C65242CBE92004057E6 /* LaunchScreen.storyboard */; };
		DF4A3C79242CBF75004057E6 /* whack.caf in Resources */ = {isa = PBXBuildFile; fileRef = DF4A3C6E242CBF74004057E6 /* whack.caf */; };
		DF4A3C7A242CBF75004057E6 /* sliceHitBomb.sks in Resources */ = {isa = PBXBuildFile; fileRef = DF4A3C6F242CBF74004057E6 /* sliceHitBomb.sks */; };
		DF4A3C7B242CBF75004057E6 /* swoosh1.caf in Resources */ = {isa = PBXBuildFile; fileRef = DF4A3C70242CBF74004057E6 /* swoosh1.caf */; };
		DF4A3C7C242CBF75004057E6 /* sliceBombFuse.caf in Resources */ = {isa = PBXBuildFile; fileRef = DF4A3C71242CBF74004057E6 /* sliceBombFuse.caf */; };
		DF4A3C7D242CBF75004057E6 /* sliceHitEnemy.sks in Resources */ = {isa = PBXBuildFile; fileRef = DF4A3C72242CBF74004057E6 /* sliceHitEnemy.sks */; };
		DF4A3C7E242CBF75004057E6 /* wrong.caf in Resources */ = {isa = PBXBuildFile; fileRef = DF4A3C73242CBF74004057E6 /* wrong.caf */; };
		DF4A3C7F242CBF75004057E6 /* explosion.caf in Resources */ = {isa = PBXBuildFile; fileRef = DF4A3C74242CBF74004057E6 /* explosion.caf */; };
		DF4A3C80242CBF75004057E6 /* sliceFuse.sks in Resources */ = {isa = PBXBuildFile; fileRef = DF4A3C75242CBF74004057E6 /* sliceFuse.sks */; };
		DF4A3C81242CBF75004057E6 /* launch.caf in Resources */ = {isa = PBXBuildFile; fileRef = DF4A3C76242CBF74004057E6 /* launch.caf */; };
		DF4A3C82242CBF75004057E6 /* swoosh2.caf in Resources */ = {isa = PBXBuildFile; fileRef = DF4A3C77242CBF75004057E6 /* swoosh2.caf */; };
		DF4A3C83242CBF75004057E6 /* swoosh3.caf in Resources */ = {isa = PBXBuildFile; fileRef = DF4A3C78242CBF75004057E6 /* swoosh3.caf */; };
/* End PBXBuildFile section */

/* Begin PBXFileReference section */
		DF4A3C53242CBE91004057E6 /* Project23.app */ = {isa = PBXFileReference; explicitFileType = wrapper.application; includeInIndex = 0; path = Project23.app; sourceTree = BUILT_PRODUCTS_DIR; };
		DF4A3C56242CBE91004057E6 /* AppDelegate.swift */ = {isa = PBXFileReference; lastKnownFileType = sourcecode.swift; path = AppDelegate.swift; sourceTree = "<group>"; };
		DF4A3C58242CBE91004057E6 /* GameScene.sks */ = {isa = PBXFileReference; lastKnownFileType = file.sks; path = GameScene.sks; sourceTree = "<group>"; };
		DF4A3C5C242CBE91004057E6 /* GameScene.swift */ = {isa = PBXFileReference; lastKnownFileType = sourcecode.swift; path = GameScene.swift; sourceTree = "<group>"; };
		DF4A3C5E242CBE91004057E6 /* GameViewController.swift */ = {isa = PBXFileReference; lastKnownFileType = sourcecode.swift; path = GameViewController.swift; sourceTree = "<group>"; };
		DF4A3C61242CBE91004057E6 /* Base */ = {isa = PBXFileReference; lastKnownFileType = file.storyboard; name = Base; path = Base.lproj/Main.storyboard; sourceTree = "<group>"; };
		DF4A3C63242CBE92004057E6 /* Assets.xcassets */ = {isa = PBXFileReference; lastKnownFileType = folder.assetcatalog; path = Assets.xcassets; sourceTree = "<group>"; };
		DF4A3C66242CBE92004057E6 /* Base */ = {isa = PBXFileReference; lastKnownFileType = file.storyboard; name = Base; path = Base.lproj/LaunchScreen.storyboard; sourceTree = "<group>"; };
		DF4A3C68242CBE92004057E6 /* Info.plist */ = {isa = PBXFileReference; lastKnownFileType = text.plist.xml; path = Info.plist; sourceTree = "<group>"; };
		DF4A3C6E242CBF74004057E6 /* whack.caf */ = {isa = PBXFileReference; lastKnownFileType = file; path = whack.caf; sourceTree = "<group>"; };
		DF4A3C6F242CBF74004057E6 /* sliceHitBomb.sks */ = {isa = PBXFileReference; lastKnownFileType = file.sks; path = sliceHitBomb.sks; sourceTree = "<group>"; };
		DF4A3C70242CBF74004057E6 /* swoosh1.caf */ = {isa = PBXFileReference; lastKnownFileType = file; path = swoosh1.caf; sourceTree = "<group>"; };
		DF4A3C71242CBF74004057E6 /* sliceBombFuse.caf */ = {isa = PBXFileReference; lastKnownFileType = file; path = sliceBombFuse.caf; sourceTree = "<group>"; };
		DF4A3C72242CBF74004057E6 /* sliceHitEnemy.sks */ = {isa = PBXFileReference; lastKnownFileType = file.sks; path = sliceHitEnemy.sks; sourceTree = "<group>"; };
		DF4A3C73242CBF74004057E6 /* wrong.caf */ = {isa = PBXFileReference; lastKnownFileType = file; path = wrong.caf; sourceTree = "<group>"; };
		DF4A3C74242CBF74004057E6 /* explosion.caf */ = {isa = PBXFileReference; lastKnownFileType = file; path = explosion.caf; sourceTree = "<group>"; };
		DF4A3C75242CBF74004057E6 /* sliceFuse.sks */ = {isa = PBXFileReference; lastKnownFileType = file.sks; path = sliceFuse.sks; sourceTree = "<group>"; };
		DF4A3C76242CBF74004057E6 /* launch.caf */ = {isa = PBXFileReference; lastKnownFileType = file; path = launch.caf; sourceTree = "<group>"; };
		DF4A3C77242CBF75004057E6 /* swoosh2.caf */ = {isa = PBXFileReference; lastKnownFileType = file; path = swoosh2.caf; sourceTree = "<group>"; };
		DF4A3C78242CBF75004057E6 /* swoosh3.caf */ = {isa = PBXFileReference; lastKnownFileType = file; path = swoosh3.caf; sourceTree = "<group>"; };
/* End PBXFileReference section */

/* Begin PBXFrameworksBuildPhase section */
		DF4A3C50242CBE91004057E6 /* Frameworks */ = {
			isa = PBXFrameworksBuildPhase;
			buildActionMask = 2147483647;
			files = (
			);
			runOnlyForDeploymentPostprocessing = 0;
		};
/* End PBXFrameworksBuildPhase section */

/* Begin PBXGroup section */
		DF4A3C4A242CBE91004057E6 = {
			isa = PBXGroup;
			children = (
				DF4A3C55242CBE91004057E6 /* Project23 */,
				DF4A3C54242CBE91004057E6 /* Products */,
			);
			sourceTree = "<group>";
		};
		DF4A3C54242CBE91004057E6 /* Products */ = {
			isa = PBXGroup;
			children = (
				DF4A3C53242CBE91004057E6 /* Project23.app */,
			);
			name = Products;
			sourceTree = "<group>";
		};
		DF4A3C55242CBE91004057E6 /* Project23 */ = {
			isa = PBXGroup;
			children = (
				DF4A3C56242CBE91004057E6 /* AppDelegate.swift */,
				DF4A3C58242CBE91004057E6 /* GameScene.sks */,
				DF4A3C5C242CBE91004057E6 /* GameScene.swift */,
				DF4A3C5E242CBE91004057E6 /* GameViewController.swift */,
				DF4A3C60242CBE91004057E6 /* Main.storyboard */,
				DF4A3C63242CBE92004057E6 /* Assets.xcassets */,
				DF4A3C65242CBE92004057E6 /* LaunchScreen.storyboard */,
				DF4A3C68242CBE92004057E6 /* Info.plist */,
				DF4A3C74242CBF74004057E6 /* explosion.caf */,
				DF4A3C76242CBF74004057E6 /* launch.caf */,
				DF4A3C71242CBF74004057E6 /* sliceBombFuse.caf */,
				DF4A3C75242CBF74004057E6 /* sliceFuse.sks */,
				DF4A3C6F242CBF74004057E6 /* sliceHitBomb.sks */,
				DF4A3C72242CBF74004057E6 /* sliceHitEnemy.sks */,
				DF4A3C70242CBF74004057E6 /* swoosh1.caf */,
				DF4A3C77242CBF75004057E6 /* swoosh2.caf */,
				DF4A3C78242CBF75004057E6 /* swoosh3.caf */,
				DF4A3C6E242CBF74004057E6 /* whack.caf */,
				DF4A3C73242CBF74004057E6 /* wrong.caf */,
			);
			path = Project23;
			sourceTree = "<group>";
		};
/* End PBXGroup section */

/* Begin PBXNativeTarget section */
		DF4A3C52242CBE91004057E6 /* Project23 */ = {
			isa = PBXNativeTarget;
			buildConfigurationList = DF4A3C6B242CBE92004057E6 /* Build configuration list for PBXNativeTarget "Project23" */;
			buildPhases = (
				DF4A3C4F242CBE91004057E6 /* Sources */,
				DF4A3C50242CBE91004057E6 /* Frameworks */,
				DF4A3C51242CBE91004057E6 /* Resources */,
			);
			buildRules = (
			);
			dependencies = (
			);
			name = Project23;
			productName = Project23;
			productReference = DF4A3C53242CBE91004057E6 /* Project23.app */;
			productType = "com.apple.product-type.application";
		};
/* End PBXNativeTarget section */

/* Begin PBXProject section */
		DF4A3C4B242CBE91004057E6 /* Project object */ = {
			isa = PBXProject;
			attributes = {
				LastSwiftUpdateCheck = 1140;
				LastUpgradeCheck = 1140;
				ORGANIZATIONNAME = "Lorenzo Pesci";
				TargetAttributes = {
					DF4A3C52242CBE91004057E6 = {
						CreatedOnToolsVersion = 11.4;
					};
				};
			};
			buildConfigurationList = DF4A3C4E242CBE91004057E6 /* Build configuration list for PBXProject "Project23" */;
			compatibilityVersion = "Xcode 9.3";
			developmentRegion = en;
			hasScannedForEncodings = 0;
			knownRegions = (
				en,
				Base,
			);
			mainGroup = DF4A3C4A242CBE91004057E6;
			productRefGroup = DF4A3C54242CBE91004057E6 /* Products */;
			projectDirPath = "";
			projectRoot = "";
			targets = (
				DF4A3C52242CBE91004057E6 /* Project23 */,
			);
		};
/* End PBXProject section */

/* Begin PBXResourcesBuildPhase section */
		DF4A3C51242CBE91004057E6 /* Resources */ = {
			isa = PBXResourcesBuildPhase;
			buildActionMask = 2147483647;
			files = (
				DF4A3C7D242CBF75004057E6 /* sliceHitEnemy.sks in Resources */,
				DF4A3C81242CBF75004057E6 /* launch.caf in Resources */,
				DF4A3C7B242CBF75004057E6 /* swoosh1.caf in Resources */,
				DF4A3C7A242CBF75004057E6 /* sliceHitBomb.sks in Resources */,
				DF4A3C62242CBE91004057E6 /* Main.storyboard in Resources */,
				DF4A3C7F242CBF75004057E6 /* explosion.caf in Resources */,
				DF4A3C79242CBF75004057E6 /* whack.caf in Resources */,
				DF4A3C7C242CBF75004057E6 /* sliceBombFuse.caf in Resources */,
				DF4A3C59242CBE91004057E6 /* GameScene.sks in Resources */,
				DF4A3C64242CBE92004057E6 /* Assets.xcassets in Resources */,
				DF4A3C82242CBF75004057E6 /* swoosh2.caf in Resources */,
				DF4A3C7E242CBF75004057E6 /* wrong.caf in Resources */,
				DF4A3C67242CBE92004057E6 /* LaunchScreen.storyboard in Resources */,
				DF4A3C80242CBF75004057E6 /* sliceFuse.sks in Resources */,
				DF4A3C83242CBF75004057E6 /* swoosh3.caf in Resources */,
			);
			runOnlyForDeploymentPostprocessing = 0;
		};
/* End PBXResourcesBuildPhase section */

/* Begin PBXSourcesBuildPhase section */
		DF4A3C4F242CBE91004057E6 /* Sources */ = {
			isa = PBXSourcesBuildPhase;
			buildActionMask = 2147483647;
			files = (
				DF4A3C5D242CBE91004057E6 /* GameScene.swift in Sources */,
				DF4A3C5F242CBE91004057E6 /* GameViewController.swift in Sources */,
				DF4A3C57242CBE91004057E6 /* AppDelegate.swift in Sources */,
			);
			runOnlyForDeploymentPostprocessing = 0;
		};
/* End PBXSourcesBuildPhase section */

/* Begin PBXVariantGroup section */
		DF4A3C60242CBE91004057E6 /* Main.storyboard */ = {
			isa = PBXVariantGroup;
			children = (
				DF4A3C61242CBE91004057E6 /* Base */,
			);
			name = Main.storyboard;
			sourceTree = "<group>";
		};
		DF4A3C65242CBE92004057E6 /* LaunchScreen.storyboard */ = {
			isa = PBXVariantGroup;
			children = (
				DF4A3C66242CBE92004057E6 /* Base */,
			);
			name = LaunchScreen.storyboard;
			sourceTree = "<group>";
		};
/* End PBXVariantGroup section */

/* Begin XCBuildConfiguration section */
		DF4A3C69242CBE92004057E6 /* Debug */ = {
			isa = XCBuildConfiguration;
			buildSettings = {
				ALWAYS_SEARCH_USER_PATHS = NO;
				CLANG_ANALYZER_NONNULL = YES;
				CLANG_ANALYZER_NUMBER_OBJECT_CONVERSION = YES_AGGRESSIVE;
				CLANG_CXX_LANGUAGE_STANDARD = "gnu++14";
				CLANG_CXX_LIBRARY = "libc++";
				CLANG_ENABLE_MODULES = YES;
				CLANG_ENABLE_OBJC_ARC = YES;
				CLANG_ENABLE_OBJC_WEAK = YES;
				CLANG_WARN_BLOCK_CAPTURE_AUTORELEASING = YES;
				CLANG_WARN_BOOL_CONVERSION = YES;
				CLANG_WARN_COMMA = YES;
				CLANG_WARN_CONSTANT_CONVERSION = YES;
				CLANG_WARN_DEPRECATED_OBJC_IMPLEMENTATIONS = YES;
				CLANG_WARN_DIRECT_OBJC_ISA_USAGE = YES_ERROR;
				CLANG_WARN_DOCUMENTATION_COMMENTS = YES;
				CLANG_WARN_EMPTY_BODY = YES;
				CLANG_WARN_ENUM_CONVERSION = YES;
				CLANG_WARN_INFINITE_RECURSION = YES;
				CLANG_WARN_INT_CONVERSION = YES;
				CLANG_WARN_NON_LITERAL_NULL_CONVERSION = YES;
				CLANG_WARN_OBJC_IMPLICIT_RETAIN_SELF = YES;
				CLANG_WARN_OBJC_LITERAL_CONVERSION = YES;
				CLANG_WARN_OBJC_ROOT_CLASS = YES_ERROR;
				CLANG_WARN_RANGE_LOOP_ANALYSIS = YES;
				CLANG_WARN_STRICT_PROTOTYPES = YES;
				CLANG_WARN_SUSPICIOUS_MOVE = YES;
				CLANG_WARN_UNGUARDED_AVAILABILITY = YES_AGGRESSIVE;
				CLANG_WARN_UNREACHABLE_CODE = YES;
				CLANG_WARN__DUPLICATE_METHOD_MATCH = YES;
				COPY_PHASE_STRIP = NO;
				DEBUG_INFORMATION_FORMAT = dwarf;
				ENABLE_STRICT_OBJC_MSGSEND = YES;
				ENABLE_TESTABILITY = YES;
				GCC_C_LANGUAGE_STANDARD = gnu11;
				GCC_DYNAMIC_NO_PIC = NO;
				GCC_NO_COMMON_BLOCKS = YES;
				GCC_OPTIMIZATION_LEVEL = 0;
				GCC_PREPROCESSOR_DEFINITIONS = (
					"DEBUG=1",
					"$(inherited)",
				);
				GCC_WARN_64_TO_32_BIT_CONVERSION = YES;
				GCC_WARN_ABOUT_RETURN_TYPE = YES_ERROR;
				GCC_WARN_UNDECLARED_SELECTOR = YES;
				GCC_WARN_UNINITIALIZED_AUTOS = YES_AGGRESSIVE;
				GCC_WARN_UNUSED_FUNCTION = YES;
				GCC_WARN_UNUSED_VARIABLE = YES;
				IPHONEOS_DEPLOYMENT_TARGET = 13.3;
				MTL_ENABLE_DEBUG_INFO = INCLUDE_SOURCE;
				MTL_FAST_MATH = YES;
				ONLY_ACTIVE_ARCH = YES;
				SDKROOT = iphoneos;
				SWIFT_ACTIVE_COMPILATION_CONDITIONS = DEBUG;
				SWIFT_OPTIMIZATION_LEVEL = "-Onone";
			};
			name = Debug;
		};
		DF4A3C6A242CBE92004057E6 /* Release */ = {
			isa = XCBuildConfiguration;
			buildSettings = {
				ALWAYS_SEARCH_USER_PATHS = NO;
				CLANG_ANALYZER_NONNULL = YES;
				CLANG_ANALYZER_NUMBER_OBJECT_CONVERSION = YES_AGGRESSIVE;
				CLANG_CXX_LANGUAGE_STANDARD = "gnu++14";
				CLANG_CXX_LIBRARY = "libc++";
				CLANG_ENABLE_MODULES = YES;
				CLANG_ENABLE_OBJC_ARC = YES;
				CLANG_ENABLE_OBJC_WEAK = YES;
				CLANG_WARN_BLOCK_CAPTURE_AUTORELEASING = YES;
				CLANG_WARN_BOOL_CONVERSION = YES;
				CLANG_WARN_COMMA = YES;
				CLANG_WARN_CONSTANT_CONVERSION = YES;
				CLANG_WARN_DEPRECATED_OBJC_IMPLEMENTATIONS = YES;
				CLANG_WARN_DIRECT_OBJC_ISA_USAGE = YES_ERROR;
				CLANG_WARN_DOCUMENTATION_COMMENTS = YES;
				CLANG_WARN_EMPTY_BODY = YES;
				CLANG_WARN_ENUM_CONVERSION = YES;
				CLANG_WARN_INFINITE_RECURSION = YES;
				CLANG_WARN_INT_CONVERSION = YES;
				CLANG_WARN_NON_LITERAL_NULL_CONVERSION = YES;
				CLANG_WARN_OBJC_IMPLICIT_RETAIN_SELF = YES;
				CLANG_WARN_OBJC_LITERAL_CONVERSION = YES;
				CLANG_WARN_OBJC_ROOT_CLASS = YES_ERROR;
				CLANG_WARN_RANGE_LOOP_ANALYSIS = YES;
				CLANG_WARN_STRICT_PROTOTYPES = YES;
				CLANG_WARN_SUSPICIOUS_MOVE = YES;
				CLANG_WARN_UNGUARDED_AVAILABILITY = YES_AGGRESSIVE;
				CLANG_WARN_UNREACHABLE_CODE = YES;
				CLANG_WARN__DUPLICATE_METHOD_MATCH = YES;
				COPY_PHASE_STRIP = NO;
				DEBUG_INFORMATION_FORMAT = "dwarf-with-dsym";
				ENABLE_NS_ASSERTIONS = NO;
				ENABLE_STRICT_OBJC_MSGSEND = YES;
				GCC_C_LANGUAGE_STANDARD = gnu11;
				GCC_NO_COMMON_BLOCKS = YES;
				GCC_WARN_64_TO_32_BIT_CONVERSION = YES;
				GCC_WARN_ABOUT_RETURN_TYPE = YES_ERROR;
				GCC_WARN_UNDECLARED_SELECTOR = YES;
				GCC_WARN_UNINITIALIZED_AUTOS = YES_AGGRESSIVE;
				GCC_WARN_UNUSED_FUNCTION = YES;
				GCC_WARN_UNUSED_VARIABLE = YES;
				IPHONEOS_DEPLOYMENT_TARGET = 13.3;
				MTL_ENABLE_DEBUG_INFO = NO;
				MTL_FAST_MATH = YES;
				SDKROOT = iphoneos;
				SWIFT_COMPILATION_MODE = wholemodule;
				SWIFT_OPTIMIZATION_LEVEL = "-O";
				VALIDATE_PRODUCT = YES;
			};
			name = Release;
		};
		DF4A3C6C242CBE92004057E6 /* Debug */ = {
			isa = XCBuildConfiguration;
			buildSettings = {
				ASSETCATALOG_COMPILER_APPICON_NAME = AppIcon;
				CODE_SIGN_STYLE = Automatic;
				DEVELOPMENT_TEAM = 8Q6ST9M6N3;
				INFOPLIST_FILE = Project23/Info.plist;
				IPHONEOS_DEPLOYMENT_TARGET = 13.4;
				LD_RUNPATH_SEARCH_PATHS = (
					"$(inherited)",
					"@executable_path/Frameworks",
				);
				PRODUCT_BUNDLE_IDENTIFIER = com.l4p1s.Project23;
				PRODUCT_NAME = "$(TARGET_NAME)";
				SWIFT_VERSION = 5.0;
				TARGETED_DEVICE_FAMILY = 2;
			};
			name = Debug;
		};
		DF4A3C6D242CBE92004057E6 /* Release */ = {
			isa = XCBuildConfiguration;
			buildSettings = {
				ASSETCATALOG_COMPILER_APPICON_NAME = AppIcon;
				CODE_SIGN_STYLE = Automatic;
				DEVELOPMENT_TEAM = 8Q6ST9M6N3;
				INFOPLIST_FILE = Project23/Info.plist;
				IPHONEOS_DEPLOYMENT_TARGET = 13.4;
				LD_RUNPATH_SEARCH_PATHS = (
					"$(inherited)",
					"@executable_path/Frameworks",
				);
				PRODUCT_BUNDLE_IDENTIFIER = com.l4p1s.Project23;
				PRODUCT_NAME = "$(TARGET_NAME)";
				SWIFT_VERSION = 5.0;
				TARGETED_DEVICE_FAMILY = 2;
			};
			name = Release;
		};
/* End XCBuildConfiguration section */

/* Begin XCConfigurationList section */
		DF4A3C4E242CBE91004057E6 /* Build configuration list for PBXProject "Project23" */ = {
			isa = XCConfigurationList;
			buildConfigurations = (
				DF4A3C69242CBE92004057E6 /* Debug */,
				DF4A3C6A242CBE92004057E6 /* Release */,
			);
			defaultConfigurationIsVisible = 0;
			defaultConfigurationName = Release;
		};
		DF4A3C6B242CBE92004057E6 /* Build configuration list for PBXNativeTarget "Project23" */ = {
			isa = XCConfigurationList;
			buildConfigurations = (
				DF4A3C6C242CBE92004057E6 /* Debug */,
				DF4A3C6D242CBE92004057E6 /* Release */,
			);
			defaultConfigurationIsVisible = 0;
			defaultConfigurationName = Release;
		};
/* End XCConfigurationList section */
	};
	rootObject = DF4A3C4B242CBE91004057E6 /* Project object */;
}
