// !$*UTF8*$!
{
	archiveVersion = 1;
	classes = {
	};
	objectVersion = 50;
	objects = {

/* Begin PBXBuildFile section */
		DF8F08B9243DD94D0093309F /* AppDelegate.swift in Sources */ = {isa = PBXBuildFile; fileRef = DF8F08B8243DD94D0093309F /* AppDelegate.swift */; };
		DF8F08BB243DD94D0093309F /* SceneDelegate.swift in Sources */ = {isa = PBXBuildFile; fileRef = DF8F08BA243DD94D0093309F /* SceneDelegate.swift */; };
		DF8F08BD243DD94D0093309F /* ViewController.swift in Sources */ = {isa = PBXBuildFile; fileRef = DF8F08BC243DD94D0093309F /* ViewController.swift */; };
		DF8F08C0243DD94D0093309F /* Main.storyboard in Resources */ = {isa = PBXBuildFile; fileRef = DF8F08BE243DD94D0093309F /* Main.storyboard */; };
		DF8F08C2243DD94F0093309F /* Assets.xcassets in Resources */ = {isa = PBXBuildFile; fileRef = DF8F08C1243DD94F0093309F /* Assets.xcassets */; };
		DF8F08C5243DD94F0093309F /* LaunchScreen.storyboard in Resources */ = {isa = PBXBuildFile; fileRef = DF8F08C3243DD94F0093309F /* LaunchScreen.storyboard */; };
/* End PBXBuildFile section */

/* Begin PBXFileReference section */
		DF8F08B5243DD94D0093309F /* Project25.app */ = {isa = PBXFileReference; explicitFileType = wrapper.application; includeInIndex = 0; path = Project25.app; sourceTree = BUILT_PRODUCTS_DIR; };
		DF8F08B8243DD94D0093309F /* AppDelegate.swift */ = {isa = PBXFileReference; lastKnownFileType = sourcecode.swift; path = AppDelegate.swift; sourceTree = "<group>"; };
		DF8F08BA243DD94D0093309F /* SceneDelegate.swift */ = {isa = PBXFileReference; lastKnownFileType = sourcecode.swift; path = SceneDelegate.swift; sourceTree = "<group>"; };
		DF8F08BC243DD94D0093309F /* ViewController.swift */ = {isa = PBXFileReference; lastKnownFileType = sourcecode.swift; path = ViewController.swift; sourceTree = "<group>"; };
		DF8F08BF243DD94D0093309F /* Base */ = {isa = PBXFileReference; lastKnownFileType = file.storyboard; name = Base; path = Base.lproj/Main.storyboard; sourceTree = "<group>"; };
		DF8F08C1243DD94F0093309F /* Assets.xcassets */ = {isa = PBXFileReference; lastKnownFileType = folder.assetcatalog; path = Assets.xcassets; sourceTree = "<group>"; };
		DF8F08C4243DD94F0093309F /* Base */ = {isa = PBXFileReference; lastKnownFileType = file.storyboard; name = Base; path = Base.lproj/LaunchScreen.storyboard; sourceTree = "<group>"; };
		DF8F08C6243DD94F0093309F /* Info.plist */ = {isa = PBXFileReference; lastKnownFileType = text.plist.xml; path = Info.plist; sourceTree = "<group>"; };
/* End PBXFileReference section */

/* Begin PBXFrameworksBuildPhase section */
		DF8F08B2243DD94D0093309F /* Frameworks */ = {
			isa = PBXFrameworksBuildPhase;
			buildActionMask = 2147483647;
			files = (
			);
			runOnlyForDeploymentPostprocessing = 0;
		};
/* End PBXFrameworksBuildPhase section */

/* Begin PBXGroup section */
		DF8F08AC243DD94D0093309F = {
			isa = PBXGroup;
			children = (
				DF8F08B7243DD94D0093309F /* Project25 */,
				DF8F08B6243DD94D0093309F /* Products */,
			);
			sourceTree = "<group>";
		};
		DF8F08B6243DD94D0093309F /* Products */ = {
			isa = PBXGroup;
			children = (
				DF8F08B5243DD94D0093309F /* Project25.app */,
			);
			name = Products;
			sourceTree = "<group>";
		};
		DF8F08B7243DD94D0093309F /* Project25 */ = {
			isa = PBXGroup;
			children = (
				DF8F08B8243DD94D0093309F /* AppDelegate.swift */,
				DF8F08BA243DD94D0093309F /* SceneDelegate.swift */,
				DF8F08BC243DD94D0093309F /* ViewController.swift */,
				DF8F08BE243DD94D0093309F /* Main.storyboard */,
				DF8F08C1243DD94F0093309F /* Assets.xcassets */,
				DF8F08C3243DD94F0093309F /* LaunchScreen.storyboard */,
				DF8F08C6243DD94F0093309F /* Info.plist */,
			);
			path = Project25;
			sourceTree = "<group>";
		};
/* End PBXGroup section */

/* Begin PBXNativeTarget section */
		DF8F08B4243DD94D0093309F /* Project25 */ = {
			isa = PBXNativeTarget;
			buildConfigurationList = DF8F08C9243DD94F0093309F /* Build configuration list for PBXNativeTarget "Project25" */;
			buildPhases = (
				DF8F08B1243DD94D0093309F /* Sources */,
				DF8F08B2243DD94D0093309F /* Frameworks */,
				DF8F08B3243DD94D0093309F /* Resources */,
			);
			buildRules = (
			);
			dependencies = (
			);
			name = Project25;
			productName = Project25;
			productReference = DF8F08B5243DD94D0093309F /* Project25.app */;
			productType = "com.apple.product-type.application";
		};
/* End PBXNativeTarget section */

/* Begin PBXProject section */
		DF8F08AD243DD94D0093309F /* Project object */ = {
			isa = PBXProject;
			attributes = {
				LastSwiftUpdateCheck = 1140;
				LastUpgradeCheck = 1140;
				ORGANIZATIONNAME = "Lorenzo Pesci";
				TargetAttributes = {
					DF8F08B4243DD94D0093309F = {
						CreatedOnToolsVersion = 11.4;
					};
				};
			};
			buildConfigurationList = DF8F08B0243DD94D0093309F /* Build configuration list for PBXProject "Project25" */;
			compatibilityVersion = "Xcode 9.3";
			developmentRegion = en;
			hasScannedForEncodings = 0;
			knownRegions = (
				en,
				Base,
			);
			mainGroup = DF8F08AC243DD94D0093309F;
			productRefGroup = DF8F08B6243DD94D0093309F /* Products */;
			projectDirPath = "";
			projectRoot = "";
			targets = (
				DF8F08B4243DD94D0093309F /* Project25 */,
			);
		};
/* End PBXProject section */

/* Begin PBXResourcesBuildPhase section */
		DF8F08B3243DD94D0093309F /* Resources */ = {
			isa = PBXResourcesBuildPhase;
			buildActionMask = 2147483647;
			files = (
				DF8F08C5243DD94F0093309F /* LaunchScreen.storyboard in Resources */,
				DF8F08C2243DD94F0093309F /* Assets.xcassets in Resources */,
				DF8F08C0243DD94D0093309F /* Main.storyboard in Resources */,
			);
			runOnlyForDeploymentPostprocessing = 0;
		};
/* End PBXResourcesBuildPhase section */

/* Begin PBXSourcesBuildPhase section */
		DF8F08B1243DD94D0093309F /* Sources */ = {
			isa = PBXSourcesBuildPhase;
			buildActionMask = 2147483647;
			files = (
				DF8F08BD243DD94D0093309F /* ViewController.swift in Sources */,
				DF8F08B9243DD94D0093309F /* AppDelegate.swift in Sources */,
				DF8F08BB243DD94D0093309F /* SceneDelegate.swift in Sources */,
			);
			runOnlyForDeploymentPostprocessing = 0;
		};
/* End PBXSourcesBuildPhase section */

/* Begin PBXVariantGroup section */
		DF8F08BE243DD94D0093309F /* Main.storyboard */ = {
			isa = PBXVariantGroup;
			children = (
				DF8F08BF243DD94D0093309F /* Base */,
			);
			name = Main.storyboard;
			sourceTree = "<group>";
		};
		DF8F08C3243DD94F0093309F /* LaunchScreen.storyboard */ = {
			isa = PBXVariantGroup;
			children = (
				DF8F08C4243DD94F0093309F /* Base */,
			);
			name = LaunchScreen.storyboard;
			sourceTree = "<group>";
		};
/* End PBXVariantGroup section */

/* Begin XCBuildConfiguration section */
		DF8F08C7243DD94F0093309F /* Debug */ = {
			isa = XCBuildConfiguration;
			buildSettings = {
				ALWAYS_SEARCH_USER_PATHS = NO;
				CLANG_ANALYZER_NONNULL = YES;
				CLANG_ANALYZER_NUMBER_OBJECT_CONVERSION = YES_AGGRESSIVE;
				CLANG_CXX_LANGUAGE_STANDARD = "gnu++14";
				CLANG_CXX_LIBRARY = "libc++";
				CLANG_ENABLE_MODULES = YES;
				CLANG_ENABLE_OBJC_ARC = YES;
				CLANG_ENABLE_OBJC_WEAK = YES;
				CLANG_WARN_BLOCK_CAPTURE_AUTORELEASING = YES;
				CLANG_WARN_BOOL_CONVERSION = YES;
				CLANG_WARN_COMMA = YES;
				CLANG_WARN_CONSTANT_CONVERSION = YES;
				CLANG_WARN_DEPRECATED_OBJC_IMPLEMENTATIONS = YES;
				CLANG_WARN_DIRECT_OBJC_ISA_USAGE = YES_ERROR;
				CLANG_WARN_DOCUMENTATION_COMMENTS = YES;
				CLANG_WARN_EMPTY_BODY = YES;
				CLANG_WARN_ENUM_CONVERSION = YES;
				CLANG_WARN_INFINITE_RECURSION = YES;
				CLANG_WARN_INT_CONVERSION = YES;
				CLANG_WARN_NON_LITERAL_NULL_CONVERSION = YES;
				CLANG_WARN_OBJC_IMPLICIT_RETAIN_SELF = YES;
				CLANG_WARN_OBJC_LITERAL_CONVERSION = YES;
				CLANG_WARN_OBJC_ROOT_CLASS = YES_ERROR;
				CLANG_WARN_RANGE_LOOP_ANALYSIS = YES;
				CLANG_WARN_STRICT_PROTOTYPES = YES;
				CLANG_WARN_SUSPICIOUS_MOVE = YES;
				CLANG_WARN_UNGUARDED_AVAILABILITY = YES_AGGRESSIVE;
				CLANG_WARN_UNREACHABLE_CODE = YES;
				CLANG_WARN__DUPLICATE_METHOD_MATCH = YES;
				COPY_PHASE_STRIP = NO;
				DEBUG_INFORMATION_FORMAT = dwarf;
				ENABLE_STRICT_OBJC_MSGSEND = YES;
				ENABLE_TESTABILITY = YES;
				GCC_C_LANGUAGE_STANDARD = gnu11;
				GCC_DYNAMIC_NO_PIC = NO;
				GCC_NO_COMMON_BLOCKS = YES;
				GCC_OPTIMIZATION_LEVEL = 0;
				GCC_PREPROCESSOR_DEFINITIONS = (
					"DEBUG=1",
					"$(inherited)",
				);
				GCC_WARN_64_TO_32_BIT_CONVERSION = YES;
				GCC_WARN_ABOUT_RETURN_TYPE = YES_ERROR;
				GCC_WARN_UNDECLARED_SELECTOR = YES;
				GCC_WARN_UNINITIALIZED_AUTOS = YES_AGGRESSIVE;
				GCC_WARN_UNUSED_FUNCTION = YES;
				GCC_WARN_UNUSED_VARIABLE = YES;
				IPHONEOS_DEPLOYMENT_TARGET = 13.4;
				MTL_ENABLE_DEBUG_INFO = INCLUDE_SOURCE;
				MTL_FAST_MATH = YES;
				ONLY_ACTIVE_ARCH = YES;
				SDKROOT = iphoneos;
				SWIFT_ACTIVE_COMPILATION_CONDITIONS = DEBUG;
				SWIFT_OPTIMIZATION_LEVEL = "-Onone";
			};
			name = Debug;
		};
		DF8F08C8243DD94F0093309F /* Release */ = {
			isa = XCBuildConfiguration;
			buildSettings = {
				ALWAYS_SEARCH_USER_PATHS = NO;
				CLANG_ANALYZER_NONNULL = YES;
				CLANG_ANALYZER_NUMBER_OBJECT_CONVERSION = YES_AGGRESSIVE;
				CLANG_CXX_LANGUAGE_STANDARD = "gnu++14";
				CLANG_CXX_LIBRARY = "libc++";
				CLANG_ENABLE_MODULES = YES;
				CLANG_ENABLE_OBJC_ARC = YES;
				CLANG_ENABLE_OBJC_WEAK = YES;
				CLANG_WARN_BLOCK_CAPTURE_AUTORELEASING = YES;
				CLANG_WARN_BOOL_CONVERSION = YES;
				CLANG_WARN_COMMA = YES;
				CLANG_WARN_CONSTANT_CONVERSION = YES;
				CLANG_WARN_DEPRECATED_OBJC_IMPLEMENTATIONS = YES;
				CLANG_WARN_DIRECT_OBJC_ISA_USAGE = YES_ERROR;
				CLANG_WARN_DOCUMENTATION_COMMENTS = YES;
				CLANG_WARN_EMPTY_BODY = YES;
				CLANG_WARN_ENUM_CONVERSION = YES;
				CLANG_WARN_INFINITE_RECURSION = YES;
				CLANG_WARN_INT_CONVERSION = YES;
				CLANG_WARN_NON_LITERAL_NULL_CONVERSION = YES;
				CLANG_WARN_OBJC_IMPLICIT_RETAIN_SELF = YES;
				CLANG_WARN_OBJC_LITERAL_CONVERSION = YES;
				CLANG_WARN_OBJC_ROOT_CLASS = YES_ERROR;
				CLANG_WARN_RANGE_LOOP_ANALYSIS = YES;
				CLANG_WARN_STRICT_PROTOTYPES = YES;
				CLANG_WARN_SUSPICIOUS_MOVE = YES;
				CLANG_WARN_UNGUARDED_AVAILABILITY = YES_AGGRESSIVE;
				CLANG_WARN_UNREACHABLE_CODE = YES;
				CLANG_WARN__DUPLICATE_METHOD_MATCH = YES;
				COPY_PHASE_STRIP = NO;
				DEBUG_INFORMATION_FORMAT = "dwarf-with-dsym";
				ENABLE_NS_ASSERTIONS = NO;
				ENABLE_STRICT_OBJC_MSGSEND = YES;
				GCC_C_LANGUAGE_STANDARD = gnu11;
				GCC_NO_COMMON_BLOCKS = YES;
				GCC_WARN_64_TO_32_BIT_CONVERSION = YES;
				GCC_WARN_ABOUT_RETURN_TYPE = YES_ERROR;
				GCC_WARN_UNDECLARED_SELECTOR = YES;
				GCC_WARN_UNINITIALIZED_AUTOS = YES_AGGRESSIVE;
				GCC_WARN_UNUSED_FUNCTION = YES;
				GCC_WARN_UNUSED_VARIABLE = YES;
				IPHONEOS_DEPLOYMENT_TARGET = 13.4;
				MTL_ENABLE_DEBUG_INFO = NO;
				MTL_FAST_MATH = YES;
				SDKROOT = iphoneos;
				SWIFT_COMPILATION_MODE = wholemodule;
				SWIFT_OPTIMIZATION_LEVEL = "-O";
				VALIDATE_PRODUCT = YES;
			};
			name = Release;
		};
		DF8F08CA243DD94F0093309F /* Debug */ = {
			isa = XCBuildConfiguration;
			buildSettings = {
				ASSETCATALOG_COMPILER_APPICON_NAME = AppIcon;
				CODE_SIGN_STYLE = Automatic;
				DEVELOPMENT_TEAM = 8Q6ST9M6N3;
				INFOPLIST_FILE = Project25/Info.plist;
				IPHONEOS_DEPLOYMENT_TARGET = 13.3;
				LD_RUNPATH_SEARCH_PATHS = (
					"$(inherited)",
					"@executable_path/Frameworks",
				);
				PRODUCT_BUNDLE_IDENTIFIER = com.l4p1s.Project25;
				PRODUCT_NAME = "$(TARGET_NAME)";
				SWIFT_VERSION = 5.0;
				TARGETED_DEVICE_FAMILY = "1,2";
			};
			name = Debug;
		};
		DF8F08CB243DD94F0093309F /* Release */ = {
			isa = XCBuildConfiguration;
			buildSettings = {
				ASSETCATALOG_COMPILER_APPICON_NAME = AppIcon;
				CODE_SIGN_STYLE = Automatic;
				DEVELOPMENT_TEAM = 8Q6ST9M6N3;
				INFOPLIST_FILE = Project25/Info.plist;
				IPHONEOS_DEPLOYMENT_TARGET = 13.3;
				LD_RUNPATH_SEARCH_PATHS = (
					"$(inherited)",
					"@executable_path/Frameworks",
				);
				PRODUCT_BUNDLE_IDENTIFIER = com.l4p1s.Project25;
				PRODUCT_NAME = "$(TARGET_NAME)";
				SWIFT_VERSION = 5.0;
				TARGETED_DEVICE_FAMILY = "1,2";
			};
			name = Release;
		};
/* End XCBuildConfiguration section */

/* Begin XCConfigurationList section */
		DF8F08B0243DD94D0093309F /* Build configuration list for PBXProject "Project25" */ = {
			isa = XCConfigurationList;
			buildConfigurations = (
				DF8F08C7243DD94F0093309F /* Debug */,
				DF8F08C8243DD94F0093309F /* Release */,
			);
			defaultConfigurationIsVisible = 0;
			defaultConfigurationName = Release;
		};
		DF8F08C9243DD94F0093309F /* Build configuration list for PBXNativeTarget "Project25" */ = {
			isa = XCConfigurationList;
			buildConfigurations = (
				DF8F08CA243DD94F0093309F /* Debug */,
				DF8F08CB243DD94F0093309F /* Release */,
			);
			defaultConfigurationIsVisible = 0;
			defaultConfigurationName = Release;
		};
/* End XCConfigurationList section */
	};
	rootObject = DF8F08AD243DD94D0093309F /* Project object */;
}
